// !$*UTF8*$!
{
	archiveVersion = 1;
	classes = {
	};
	objectVersion = 55;
	objects = {

/* Begin PBXBuildFile section */
		CC5CDBD82767ED270097CB96 /* RequestHandlerTests.swift in Sources */ = {isa = PBXBuildFile; fileRef = CC5CDBD72767ED270097CB96 /* RequestHandlerTests.swift */; };
		CC5CDBDF2767ED830097CB96 /* RequestHandler.swift in Sources */ = {isa = PBXBuildFile; fileRef = CC5CDBDE2767ED830097CB96 /* RequestHandler.swift */; };
		CC5CDBE32767F3860097CB96 /* RequestHandler.swift in Sources */ = {isa = PBXBuildFile; fileRef = CC5CDBDE2767ED830097CB96 /* RequestHandler.swift */; };
		CCF479B127664CD400BE92BF /* ActivitySamplingApp.swift in Sources */ = {isa = PBXBuildFile; fileRef = CCF479B027664CD400BE92BF /* ActivitySamplingApp.swift */; };
		CCF479B327664CD400BE92BF /* ContentView.swift in Sources */ = {isa = PBXBuildFile; fileRef = CCF479B227664CD400BE92BF /* ContentView.swift */; };
		CCF479B527664CD600BE92BF /* Assets.xcassets in Resources */ = {isa = PBXBuildFile; fileRef = CCF479B427664CD600BE92BF /* Assets.xcassets */; };
		CCF479B827664CD600BE92BF /* Preview Assets.xcassets in Resources */ = {isa = PBXBuildFile; fileRef = CCF479B727664CD600BE92BF /* Preview Assets.xcassets */; };
/* End PBXBuildFile section */

/* Begin PBXContainerItemProxy section */
		CC5CDBD92767ED270097CB96 /* PBXContainerItemProxy */ = {
			isa = PBXContainerItemProxy;
			containerPortal = CCF479A527664CD400BE92BF /* Project object */;
			proxyType = 1;
			remoteGlobalIDString = CCF479AC27664CD400BE92BF;
			remoteInfo = ActivitySampling;
		};
/* End PBXContainerItemProxy section */

/* Begin PBXFileReference section */
		CC2F5EFD27664E2B009F0E77 /* README.md */ = {isa = PBXFileReference; lastKnownFileType = net.daringfireball.markdown; path = README.md; sourceTree = "<group>"; };
		CC5CDBD52767ED270097CB96 /* ActivitySamplingTests.xctest */ = {isa = PBXFileReference; explicitFileType = wrapper.cfbundle; includeInIndex = 0; path = ActivitySamplingTests.xctest; sourceTree = BUILT_PRODUCTS_DIR; };
		CC5CDBD72767ED270097CB96 /* RequestHandlerTests.swift */ = {isa = PBXFileReference; lastKnownFileType = sourcecode.swift; path = RequestHandlerTests.swift; sourceTree = "<group>"; };
		CC5CDBDE2767ED830097CB96 /* RequestHandler.swift */ = {isa = PBXFileReference; lastKnownFileType = sourcecode.swift; path = RequestHandler.swift; sourceTree = "<group>"; };
		CCF479AD27664CD400BE92BF /* ActivitySampling.app */ = {isa = PBXFileReference; explicitFileType = wrapper.application; includeInIndex = 0; path = ActivitySampling.app; sourceTree = BUILT_PRODUCTS_DIR; };
		CCF479B027664CD400BE92BF /* ActivitySamplingApp.swift */ = {isa = PBXFileReference; lastKnownFileType = sourcecode.swift; path = ActivitySamplingApp.swift; sourceTree = "<group>"; };
		CCF479B227664CD400BE92BF /* ContentView.swift */ = {isa = PBXFileReference; lastKnownFileType = sourcecode.swift; path = ContentView.swift; sourceTree = "<group>"; };
		CCF479B427664CD600BE92BF /* Assets.xcassets */ = {isa = PBXFileReference; lastKnownFileType = folder.assetcatalog; path = Assets.xcassets; sourceTree = "<group>"; };
		CCF479B727664CD600BE92BF /* Preview Assets.xcassets */ = {isa = PBXFileReference; lastKnownFileType = folder.assetcatalog; path = "Preview Assets.xcassets"; sourceTree = "<group>"; };
		CCF479B927664CD600BE92BF /* ActivitySampling.entitlements */ = {isa = PBXFileReference; lastKnownFileType = text.plist.entitlements; path = ActivitySampling.entitlements; sourceTree = "<group>"; };
/* End PBXFileReference section */

/* Begin PBXFrameworksBuildPhase section */
		CC5CDBD22767ED270097CB96 /* Frameworks */ = {
			isa = PBXFrameworksBuildPhase;
			buildActionMask = 2147483647;
			files = (
			);
			runOnlyForDeploymentPostprocessing = 0;
		};
		CCF479AA27664CD400BE92BF /* Frameworks */ = {
			isa = PBXFrameworksBuildPhase;
			buildActionMask = 2147483647;
			files = (
			);
			runOnlyForDeploymentPostprocessing = 0;
		};
/* End PBXFrameworksBuildPhase section */

/* Begin PBXGroup section */
		CC5CDBD62767ED270097CB96 /* ActivitySamplingTests */ = {
			isa = PBXGroup;
			children = (
				CC5CDBD72767ED270097CB96 /* RequestHandlerTests.swift */,
			);
			path = ActivitySamplingTests;
			sourceTree = "<group>";
		};
		CCF479A427664CD400BE92BF = {
			isa = PBXGroup;
			children = (
				CC2F5EFD27664E2B009F0E77 /* README.md */,
				CCF479AF27664CD400BE92BF /* ActivitySampling */,
				CC5CDBD62767ED270097CB96 /* ActivitySamplingTests */,
				CCF479AE27664CD400BE92BF /* Products */,
			);
			sourceTree = "<group>";
		};
		CCF479AE27664CD400BE92BF /* Products */ = {
			isa = PBXGroup;
			children = (
				CCF479AD27664CD400BE92BF /* ActivitySampling.app */,
				CC5CDBD52767ED270097CB96 /* ActivitySamplingTests.xctest */,
			);
			name = Products;
			sourceTree = "<group>";
		};
		CCF479AF27664CD400BE92BF /* ActivitySampling */ = {
			isa = PBXGroup;
			children = (
				CCF479B027664CD400BE92BF /* ActivitySamplingApp.swift */,
				CC5CDBDE2767ED830097CB96 /* RequestHandler.swift */,
				CCF479B227664CD400BE92BF /* ContentView.swift */,
				CCF479B427664CD600BE92BF /* Assets.xcassets */,
				CCF479B927664CD600BE92BF /* ActivitySampling.entitlements */,
				CCF479B627664CD600BE92BF /* Preview Content */,
			);
			path = ActivitySampling;
			sourceTree = "<group>";
		};
		CCF479B627664CD600BE92BF /* Preview Content */ = {
			isa = PBXGroup;
			children = (
				CCF479B727664CD600BE92BF /* Preview Assets.xcassets */,
			);
			path = "Preview Content";
			sourceTree = "<group>";
		};
/* End PBXGroup section */

/* Begin PBXNativeTarget section */
		CC5CDBD42767ED270097CB96 /* ActivitySamplingTests */ = {
			isa = PBXNativeTarget;
			buildConfigurationList = CC5CDBDB2767ED270097CB96 /* Build configuration list for PBXNativeTarget "ActivitySamplingTests" */;
			buildPhases = (
				CC5CDBD12767ED270097CB96 /* Sources */,
				CC5CDBD22767ED270097CB96 /* Frameworks */,
				CC5CDBD32767ED270097CB96 /* Resources */,
			);
			buildRules = (
			);
			dependencies = (
				CC5CDBDA2767ED270097CB96 /* PBXTargetDependency */,
			);
			name = ActivitySamplingTests;
			productName = ActivitySamplingTests;
			productReference = CC5CDBD52767ED270097CB96 /* ActivitySamplingTests.xctest */;
			productType = "com.apple.product-type.bundle.unit-test";
		};
		CCF479AC27664CD400BE92BF /* ActivitySampling */ = {
			isa = PBXNativeTarget;
			buildConfigurationList = CCF479BC27664CD600BE92BF /* Build configuration list for PBXNativeTarget "ActivitySampling" */;
			buildPhases = (
				CCF479A927664CD400BE92BF /* Sources */,
				CCF479AA27664CD400BE92BF /* Frameworks */,
				CCF479AB27664CD400BE92BF /* Resources */,
			);
			buildRules = (
			);
			dependencies = (
			);
			name = ActivitySampling;
			productName = ActivitySampling;
			productReference = CCF479AD27664CD400BE92BF /* ActivitySampling.app */;
			productType = "com.apple.product-type.application";
		};
/* End PBXNativeTarget section */

/* Begin PBXProject section */
		CCF479A527664CD400BE92BF /* Project object */ = {
			isa = PBXProject;
			attributes = {
				BuildIndependentTargetsInParallel = 1;
				LastSwiftUpdateCheck = 1310;
				LastUpgradeCheck = 1320;
				TargetAttributes = {
					CC5CDBD42767ED270097CB96 = {
						CreatedOnToolsVersion = 13.1;
						TestTargetID = CCF479AC27664CD400BE92BF;
					};
					CCF479AC27664CD400BE92BF = {
						CreatedOnToolsVersion = 13.1;
					};
				};
			};
			buildConfigurationList = CCF479A827664CD400BE92BF /* Build configuration list for PBXProject "ActivitySampling" */;
			compatibilityVersion = "Xcode 13.0";
			developmentRegion = en;
			hasScannedForEncodings = 0;
			knownRegions = (
				en,
				Base,
			);
			mainGroup = CCF479A427664CD400BE92BF;
			productRefGroup = CCF479AE27664CD400BE92BF /* Products */;
			projectDirPath = "";
			projectRoot = "";
			targets = (
				CCF479AC27664CD400BE92BF /* ActivitySampling */,
				CC5CDBD42767ED270097CB96 /* ActivitySamplingTests */,
			);
		};
/* End PBXProject section */

/* Begin PBXResourcesBuildPhase section */
		CC5CDBD32767ED270097CB96 /* Resources */ = {
			isa = PBXResourcesBuildPhase;
			buildActionMask = 2147483647;
			files = (
			);
			runOnlyForDeploymentPostprocessing = 0;
		};
		CCF479AB27664CD400BE92BF /* Resources */ = {
			isa = PBXResourcesBuildPhase;
			buildActionMask = 2147483647;
			files = (
				CCF479B827664CD600BE92BF /* Preview Assets.xcassets in Resources */,
				CCF479B527664CD600BE92BF /* Assets.xcassets in Resources */,
			);
			runOnlyForDeploymentPostprocessing = 0;
		};
/* End PBXResourcesBuildPhase section */

/* Begin PBXSourcesBuildPhase section */
		CC5CDBD12767ED270097CB96 /* Sources */ = {
			isa = PBXSourcesBuildPhase;
			buildActionMask = 2147483647;
			files = (
				CC5CDBE32767F3860097CB96 /* RequestHandler.swift in Sources */,
				CC5CDBD82767ED270097CB96 /* RequestHandlerTests.swift in Sources */,
			);
			runOnlyForDeploymentPostprocessing = 0;
		};
		CCF479A927664CD400BE92BF /* Sources */ = {
			isa = PBXSourcesBuildPhase;
			buildActionMask = 2147483647;
			files = (
				CCF479B327664CD400BE92BF /* ContentView.swift in Sources */,
				CCF479B127664CD400BE92BF /* ActivitySamplingApp.swift in Sources */,
				CC5CDBDF2767ED830097CB96 /* RequestHandler.swift in Sources */,
			);
			runOnlyForDeploymentPostprocessing = 0;
		};
/* End PBXSourcesBuildPhase section */

/* Begin PBXTargetDependency section */
		CC5CDBDA2767ED270097CB96 /* PBXTargetDependency */ = {
			isa = PBXTargetDependency;
			target = CCF479AC27664CD400BE92BF /* ActivitySampling */;
			targetProxy = CC5CDBD92767ED270097CB96 /* PBXContainerItemProxy */;
		};
/* End PBXTargetDependency section */

/* Begin XCBuildConfiguration section */
		CC5CDBDC2767ED270097CB96 /* Debug */ = {
			isa = XCBuildConfiguration;
			buildSettings = {
				BUNDLE_LOADER = "$(TEST_HOST)";
				CODE_SIGN_STYLE = Automatic;
				COMBINE_HIDPI_IMAGES = YES;
				CURRENT_PROJECT_VERSION = 1;
				DEVELOPMENT_TEAM = QC6EN37P56;
				GENERATE_INFOPLIST_FILE = YES;
				LD_RUNPATH_SEARCH_PATHS = (
					"$(inherited)",
					"@executable_path/../Frameworks",
					"@loader_path/../Frameworks",
				);
				MARKETING_VERSION = 1.0;
				PRODUCT_BUNDLE_IDENTIFIER = de.muspellheim.ActivitySamplingTests;
				PRODUCT_NAME = "$(TARGET_NAME)";
				SWIFT_EMIT_LOC_STRINGS = NO;
				SWIFT_VERSION = 5.0;
				TEST_HOST = "$(BUILT_PRODUCTS_DIR)/ActivitySampling.app/Contents/MacOS/ActivitySampling";
			};
			name = Debug;
		};
		CC5CDBDD2767ED270097CB96 /* Release */ = {
			isa = XCBuildConfiguration;
			buildSettings = {
				BUNDLE_LOADER = "$(TEST_HOST)";
				CODE_SIGN_STYLE = Automatic;
				COMBINE_HIDPI_IMAGES = YES;
				CURRENT_PROJECT_VERSION = 1;
				DEVELOPMENT_TEAM = QC6EN37P56;
				GENERATE_INFOPLIST_FILE = YES;
				LD_RUNPATH_SEARCH_PATHS = (
					"$(inherited)",
					"@executable_path/../Frameworks",
					"@loader_path/../Frameworks",
				);
				MARKETING_VERSION = 1.0;
				PRODUCT_BUNDLE_IDENTIFIER = de.muspellheim.ActivitySamplingTests;
				PRODUCT_NAME = "$(TARGET_NAME)";
				SWIFT_EMIT_LOC_STRINGS = NO;
				SWIFT_VERSION = 5.0;
				TEST_HOST = "$(BUILT_PRODUCTS_DIR)/ActivitySampling.app/Contents/MacOS/ActivitySampling";
			};
			name = Release;
		};
		CCF479BA27664CD600BE92BF /* Debug */ = {
			isa = XCBuildConfiguration;
			buildSettings = {
				ALWAYS_SEARCH_USER_PATHS = NO;
				CLANG_ANALYZER_NONNULL = YES;
				CLANG_ANALYZER_NUMBER_OBJECT_CONVERSION = YES_AGGRESSIVE;
				CLANG_CXX_LANGUAGE_STANDARD = "gnu++17";
				CLANG_CXX_LIBRARY = "libc++";
				CLANG_ENABLE_MODULES = YES;
				CLANG_ENABLE_OBJC_ARC = YES;
				CLANG_ENABLE_OBJC_WEAK = YES;
				CLANG_WARN_BLOCK_CAPTURE_AUTORELEASING = YES;
				CLANG_WARN_BOOL_CONVERSION = YES;
				CLANG_WARN_COMMA = YES;
				CLANG_WARN_CONSTANT_CONVERSION = YES;
				CLANG_WARN_DEPRECATED_OBJC_IMPLEMENTATIONS = YES;
				CLANG_WARN_DIRECT_OBJC_ISA_USAGE = YES_ERROR;
				CLANG_WARN_DOCUMENTATION_COMMENTS = YES;
				CLANG_WARN_EMPTY_BODY = YES;
				CLANG_WARN_ENUM_CONVERSION = YES;
				CLANG_WARN_INFINITE_RECURSION = YES;
				CLANG_WARN_INT_CONVERSION = YES;
				CLANG_WARN_NON_LITERAL_NULL_CONVERSION = YES;
				CLANG_WARN_OBJC_IMPLICIT_RETAIN_SELF = YES;
				CLANG_WARN_OBJC_LITERAL_CONVERSION = YES;
				CLANG_WARN_OBJC_ROOT_CLASS = YES_ERROR;
				CLANG_WARN_QUOTED_INCLUDE_IN_FRAMEWORK_HEADER = YES;
				CLANG_WARN_RANGE_LOOP_ANALYSIS = YES;
				CLANG_WARN_STRICT_PROTOTYPES = YES;
				CLANG_WARN_SUSPICIOUS_MOVE = YES;
				CLANG_WARN_UNGUARDED_AVAILABILITY = YES_AGGRESSIVE;
				CLANG_WARN_UNREACHABLE_CODE = YES;
				CLANG_WARN__DUPLICATE_METHOD_MATCH = YES;
				COPY_PHASE_STRIP = NO;
				DEBUG_INFORMATION_FORMAT = dwarf;
				ENABLE_STRICT_OBJC_MSGSEND = YES;
				ENABLE_TESTABILITY = YES;
				GCC_C_LANGUAGE_STANDARD = gnu11;
				GCC_DYNAMIC_NO_PIC = NO;
				GCC_NO_COMMON_BLOCKS = YES;
				GCC_OPTIMIZATION_LEVEL = 0;
				GCC_PREPROCESSOR_DEFINITIONS = (
					"DEBUG=1",
					"$(inherited)",
				);
				GCC_WARN_64_TO_32_BIT_CONVERSION = YES;
				GCC_WARN_ABOUT_RETURN_TYPE = YES_ERROR;
				GCC_WARN_UNDECLARED_SELECTOR = YES;
				GCC_WARN_UNINITIALIZED_AUTOS = YES_AGGRESSIVE;
				GCC_WARN_UNUSED_FUNCTION = YES;
				GCC_WARN_UNUSED_VARIABLE = YES;
				MACOSX_DEPLOYMENT_TARGET = 12.0;
				MTL_ENABLE_DEBUG_INFO = INCLUDE_SOURCE;
				MTL_FAST_MATH = YES;
				ONLY_ACTIVE_ARCH = YES;
				SDKROOT = macosx;
				SWIFT_ACTIVE_COMPILATION_CONDITIONS = DEBUG;
				SWIFT_OPTIMIZATION_LEVEL = "-Onone";
			};
			name = Debug;
		};
		CCF479BB27664CD600BE92BF /* Release */ = {
			isa = XCBuildConfiguration;
			buildSettings = {
				ALWAYS_SEARCH_USER_PATHS = NO;
				CLANG_ANALYZER_NONNULL = YES;
				CLANG_ANALYZER_NUMBER_OBJECT_CONVERSION = YES_AGGRESSIVE;
				CLANG_CXX_LANGUAGE_STANDARD = "gnu++17";
				CLANG_CXX_LIBRARY = "libc++";
				CLANG_ENABLE_MODULES = YES;
				CLANG_ENABLE_OBJC_ARC = YES;
				CLANG_ENABLE_OBJC_WEAK = YES;
				CLANG_WARN_BLOCK_CAPTURE_AUTORELEASING = YES;
				CLANG_WARN_BOOL_CONVERSION = YES;
				CLANG_WARN_COMMA = YES;
				CLANG_WARN_CONSTANT_CONVERSION = YES;
				CLANG_WARN_DEPRECATED_OBJC_IMPLEMENTATIONS = YES;
				CLANG_WARN_DIRECT_OBJC_ISA_USAGE = YES_ERROR;
				CLANG_WARN_DOCUMENTATION_COMMENTS = YES;
				CLANG_WARN_EMPTY_BODY = YES;
				CLANG_WARN_ENUM_CONVERSION = YES;
				CLANG_WARN_INFINITE_RECURSION = YES;
				CLANG_WARN_INT_CONVERSION = YES;
				CLANG_WARN_NON_LITERAL_NULL_CONVERSION = YES;
				CLANG_WARN_OBJC_IMPLICIT_RETAIN_SELF = YES;
				CLANG_WARN_OBJC_LITERAL_CONVERSION = YES;
				CLANG_WARN_OBJC_ROOT_CLASS = YES_ERROR;
				CLANG_WARN_QUOTED_INCLUDE_IN_FRAMEWORK_HEADER = YES;
				CLANG_WARN_RANGE_LOOP_ANALYSIS = YES;
				CLANG_WARN_STRICT_PROTOTYPES = YES;
				CLANG_WARN_SUSPICIOUS_MOVE = YES;
				CLANG_WARN_UNGUARDED_AVAILABILITY = YES_AGGRESSIVE;
				CLANG_WARN_UNREACHABLE_CODE = YES;
				CLANG_WARN__DUPLICATE_METHOD_MATCH = YES;
				COPY_PHASE_STRIP = NO;
				DEBUG_INFORMATION_FORMAT = "dwarf-with-dsym";
				ENABLE_NS_ASSERTIONS = NO;
				ENABLE_STRICT_OBJC_MSGSEND = YES;
				GCC_C_LANGUAGE_STANDARD = gnu11;
				GCC_NO_COMMON_BLOCKS = YES;
				GCC_WARN_64_TO_32_BIT_CONVERSION = YES;
				GCC_WARN_ABOUT_RETURN_TYPE = YES_ERROR;
				GCC_WARN_UNDECLARED_SELECTOR = YES;
				GCC_WARN_UNINITIALIZED_AUTOS = YES_AGGRESSIVE;
				GCC_WARN_UNUSED_FUNCTION = YES;
				GCC_WARN_UNUSED_VARIABLE = YES;
				MACOSX_DEPLOYMENT_TARGET = 12.0;
				MTL_ENABLE_DEBUG_INFO = NO;
				MTL_FAST_MATH = YES;
				SDKROOT = macosx;
				SWIFT_COMPILATION_MODE = wholemodule;
				SWIFT_OPTIMIZATION_LEVEL = "-O";
			};
			name = Release;
		};
		CCF479BD27664CD600BE92BF /* Debug */ = {
			isa = XCBuildConfiguration;
			buildSettings = {
				ASSETCATALOG_COMPILER_APPICON_NAME = AppIcon;
				ASSETCATALOG_COMPILER_GLOBAL_ACCENT_COLOR_NAME = AccentColor;
				CODE_SIGN_ENTITLEMENTS = ActivitySampling/ActivitySampling.entitlements;
				CODE_SIGN_IDENTITY = "Apple Development";
				CODE_SIGN_STYLE = Automatic;
				COMBINE_HIDPI_IMAGES = YES;
				CURRENT_PROJECT_VERSION = 1;
				DEVELOPMENT_ASSET_PATHS = "\"ActivitySampling/Preview Content\"";
				DEVELOPMENT_TEAM = QC6EN37P56;
				ENABLE_HARDENED_RUNTIME = YES;
				ENABLE_PREVIEWS = YES;
				GENERATE_INFOPLIST_FILE = YES;
				INFOPLIST_KEY_NSHumanReadableCopyright = "";
				LD_RUNPATH_SEARCH_PATHS = (
					"$(inherited)",
					"@executable_path/../Frameworks",
				);
				MARKETING_VERSION = 1.0;
				PRODUCT_BUNDLE_IDENTIFIER = de.muspellheim.ActivitySampling;
				PRODUCT_NAME = "$(TARGET_NAME)";
				SWIFT_EMIT_LOC_STRINGS = YES;
				SWIFT_VERSION = 5.0;
			};
			name = Debug;
		};
		CCF479BE27664CD600BE92BF /* Release */ = {
			isa = XCBuildConfiguration;
			buildSettings = {
				ASSETCATALOG_COMPILER_APPICON_NAME = AppIcon;
				ASSETCATALOG_COMPILER_GLOBAL_ACCENT_COLOR_NAME = AccentColor;
				CODE_SIGN_ENTITLEMENTS = ActivitySampling/ActivitySampling.entitlements;
				CODE_SIGN_IDENTITY = "Apple Development";
				CODE_SIGN_STYLE = Automatic;
				COMBINE_HIDPI_IMAGES = YES;
				CURRENT_PROJECT_VERSION = 1;
				DEVELOPMENT_ASSET_PATHS = "\"ActivitySampling/Preview Content\"";
				DEVELOPMENT_TEAM = QC6EN37P56;
				ENABLE_HARDENED_RUNTIME = YES;
				ENABLE_PREVIEWS = YES;
				GENERATE_INFOPLIST_FILE = YES;
				INFOPLIST_KEY_NSHumanReadableCopyright = "";
				LD_RUNPATH_SEARCH_PATHS = (
					"$(inherited)",
					"@executable_path/../Frameworks",
				);
				MARKETING_VERSION = 1.0;
				PRODUCT_BUNDLE_IDENTIFIER = de.muspellheim.ActivitySampling;
				PRODUCT_NAME = "$(TARGET_NAME)";
				SWIFT_EMIT_LOC_STRINGS = YES;
				SWIFT_VERSION = 5.0;
			};
			name = Release;
		};
/* End XCBuildConfiguration section */

/* Begin XCConfigurationList section */
		CC5CDBDB2767ED270097CB96 /* Build configuration list for PBXNativeTarget "ActivitySamplingTests" */ = {
			isa = XCConfigurationList;
			buildConfigurations = (
				CC5CDBDC2767ED270097CB96 /* Debug */,
				CC5CDBDD2767ED270097CB96 /* Release */,
			);
			defaultConfigurationIsVisible = 0;
			defaultConfigurationName = Release;
		};
		CCF479A827664CD400BE92BF /* Build configuration list for PBXProject "ActivitySampling" */ = {
			isa = XCConfigurationList;
			buildConfigurations = (
				CCF479BA27664CD600BE92BF /* Debug */,
				CCF479BB27664CD600BE92BF /* Release */,
			);
			defaultConfigurationIsVisible = 0;
			defaultConfigurationName = Release;
		};
		CCF479BC27664CD600BE92BF /* Build configuration list for PBXNativeTarget "ActivitySampling" */ = {
			isa = XCConfigurationList;
			buildConfigurations = (
				CCF479BD27664CD600BE92BF /* Debug */,
				CCF479BE27664CD600BE92BF /* Release */,
			);
			defaultConfigurationIsVisible = 0;
			defaultConfigurationName = Release;
		};
/* End XCConfigurationList section */
	};
	rootObject = CCF479A527664CD400BE92BF /* Project object */;
}
